# This file is automatically @generated by Cargo.
# It is not intended for manual editing.
version = 3

[[package]]
name = "elucidator"
version = "0.1.0"

[[package]]
name = "elucidator-db"
version = "0.1.0"

[[package]]
name = "elucidatorc"
version = "0.1.0"

[[package]]
name = "elucitools"
version = "0.1.0"

[[package]]
name = "pyelucidator"
version = "0.1.0"
